// !$*UTF8*$!
{
	archiveVersion = 1;
	classes = {
	};
	objectVersion = 55;
	objects = {

/* Begin PBXBuildFile section */
		6201A0592C427BA70016B1F5 /* MutReadOneWrite.swift in Sources */ = {isa = PBXBuildFile; fileRef = 6201A0582C427BA70016B1F5 /* MutReadOneWrite.swift */; };
		6201A05B2C42BA4E0016B1F5 /* SeeRunLoopTime.swift in Sources */ = {isa = PBXBuildFile; fileRef = 6201A05A2C42BA4E0016B1F5 /* SeeRunLoopTime.swift */; };
		6201A05D2C44C1A90016B1F5 /* 15936146-cecbef23cfea09a8.png in Resources */ = {isa = PBXBuildFile; fileRef = 6201A05C2C44C1A90016B1F5 /* 15936146-cecbef23cfea09a8.png */; };
		6201A05F2C45137C0016B1F5 /* LeetCodeCtrl.swift in Sources */ = {isa = PBXBuildFile; fileRef = 6201A05E2C45137C0016B1F5 /* LeetCodeCtrl.swift */; };
		6201A0622C45569B0016B1F5 /* ReadWriteCtrl.m in Sources */ = {isa = PBXBuildFile; fileRef = 6201A0612C45569A0016B1F5 /* ReadWriteCtrl.m */; };
		6201A0652C4633160016B1F5 /* MyURLSchemeHandler.m in Sources */ = {isa = PBXBuildFile; fileRef = 6201A0642C4633160016B1F5 /* MyURLSchemeHandler.m */; };
		623CE2E32BF055B9008D51D9 /* AppDelegate.swift in Sources */ = {isa = PBXBuildFile; fileRef = 623CE2E22BF055B9008D51D9 /* AppDelegate.swift */; };
		623CE2E52BF055B9008D51D9 /* SceneDelegate.swift in Sources */ = {isa = PBXBuildFile; fileRef = 623CE2E42BF055B9008D51D9 /* SceneDelegate.swift */; };
		623CE2E72BF055B9008D51D9 /* ViewController.swift in Sources */ = {isa = PBXBuildFile; fileRef = 623CE2E62BF055B9008D51D9 /* ViewController.swift */; };
		623CE2EA2BF055B9008D51D9 /* Main.storyboard in Resources */ = {isa = PBXBuildFile; fileRef = 623CE2E82BF055B9008D51D9 /* Main.storyboard */; };
		623CE2EC2BF055BB008D51D9 /* Assets.xcassets in Resources */ = {isa = PBXBuildFile; fileRef = 623CE2EB2BF055BB008D51D9 /* Assets.xcassets */; };
		623CE2EF2BF055BB008D51D9 /* LaunchScreen.storyboard in Resources */ = {isa = PBXBuildFile; fileRef = 623CE2ED2BF055BB008D51D9 /* LaunchScreen.storyboard */; };
		623CE2FA2BF05646008D51D9 /* OCTest.m in Sources */ = {isa = PBXBuildFile; fileRef = 623CE2F92BF05646008D51D9 /* OCTest.m */; };
		623CE2FC2BF056E8008D51D9 /* readFile.rtf in Resources */ = {isa = PBXBuildFile; fileRef = 623CE2FB2BF056E7008D51D9 /* readFile.rtf */; };
		623CE2FE2BF09B7E008D51D9 /* OneCtrl.swift in Sources */ = {isa = PBXBuildFile; fileRef = 623CE2FD2BF09B7E008D51D9 /* OneCtrl.swift */; };
		628A26E92BF2420E00BDD451 /* learenMore.md in Resources */ = {isa = PBXBuildFile; fileRef = 628A26E82BF2420E00BDD451 /* learenMore.md */; };
		628A26EB2BF246F000BDD451 /* TwoCtrl.swift in Sources */ = {isa = PBXBuildFile; fileRef = 628A26EA2BF246EF00BDD451 /* TwoCtrl.swift */; };
		628A26EE2BF3BCC200BDD451 /* swiftArticle.md in Resources */ = {isa = PBXBuildFile; fileRef = 628A26ED2BF3BCC100BDD451 /* swiftArticle.md */; };
		628A26F02BF7A70200BDD451 /* optimizeFile.md in Resources */ = {isa = PBXBuildFile; fileRef = 628A26EF2BF7A70100BDD451 /* optimizeFile.md */; };
		628A26F32BFB8C8600BDD451 /* OCTestModel.m in Sources */ = {isa = PBXBuildFile; fileRef = 628A26F22BFB8C8600BDD451 /* OCTestModel.m */; };
		628A26F52BFB8E7C00BDD451 /* WaitFinish.md in Resources */ = {isa = PBXBuildFile; fileRef = 628A26F42BFB8E7C00BDD451 /* WaitFinish.md */; };
		629265382BFCF22D002CFE8D /* rxSwiftFile.md in Resources */ = {isa = PBXBuildFile; fileRef = 629265372BFCF22D002CFE8D /* rxSwiftFile.md */; };
		62A05BB42C421A390000EB6A /* FaceOneFile.rtf in Resources */ = {isa = PBXBuildFile; fileRef = 62A05BB32C421A390000EB6A /* FaceOneFile.rtf */; };
		62B8DE282BFF7C140045530C /* CWThread.m in Sources */ = {isa = PBXBuildFile; fileRef = 62B8DE272BFF7C140045530C /* CWThread.m */; };
		62B8DE2B2BFFA1ED0045530C /* CWPerson.m in Sources */ = {isa = PBXBuildFile; fileRef = 62B8DE2A2BFFA1ED0045530C /* CWPerson.m */; };
		62B8DE2E2BFFA1FC0045530C /* CWStudent.m in Sources */ = {isa = PBXBuildFile; fileRef = 62B8DE2D2BFFA1FC0045530C /* CWStudent.m */; };
		62B8DE352C0B7F1C0045530C /* OneViewCtrl.m in Sources */ = {isa = PBXBuildFile; fileRef = 62B8DE342C0B7F1C0045530C /* OneViewCtrl.m */; };
		62B8DE382C0B7FDD0045530C /* BView.m in Sources */ = {isa = PBXBuildFile; fileRef = 62B8DE372C0B7FDD0045530C /* BView.m */; };
		62B8DE3A2C0E187D0045530C /* netRsaFile.md in Resources */ = {isa = PBXBuildFile; fileRef = 62B8DE392C0E187C0045530C /* netRsaFile.md */; };
		62B8DE3F2C1096CD0045530C /* 15936146-c8b1a1a03043ef94.png in Resources */ = {isa = PBXBuildFile; fileRef = 62B8DE3E2C1096CD0045530C /* 15936146-c8b1a1a03043ef94.png */; };
		62DF4E952C4E2E390052AAE1 /* UIImage+QRCode.m in Sources */ = {isa = PBXBuildFile; fileRef = 62DF4E942C4E2E390052AAE1 /* UIImage+QRCode.m */; };
		62DF4E992C4E2EB80052AAE1 /* MWSelectScanImageItem.m in Sources */ = {isa = PBXBuildFile; fileRef = 62DF4E982C4E2EB80052AAE1 /* MWSelectScanImageItem.m */; };
		62DF4E9D2C4E34D90052AAE1 /* MWMultipleQRHandleVC.m in Sources */ = {isa = PBXBuildFile; fileRef = 62DF4E9C2C4E34D90052AAE1 /* MWMultipleQRHandleVC.m */; };
/* End PBXBuildFile section */

/* Begin PBXFileReference section */
		6201A0582C427BA70016B1F5 /* MutReadOneWrite.swift */ = {isa = PBXFileReference; lastKnownFileType = sourcecode.swift; path = MutReadOneWrite.swift; sourceTree = "<group>"; };
		6201A05A2C42BA4E0016B1F5 /* SeeRunLoopTime.swift */ = {isa = PBXFileReference; lastKnownFileType = sourcecode.swift; path = SeeRunLoopTime.swift; sourceTree = "<group>"; };
		6201A05C2C44C1A90016B1F5 /* 15936146-cecbef23cfea09a8.png */ = {isa = PBXFileReference; lastKnownFileType = image.png; path = "15936146-cecbef23cfea09a8.png"; sourceTree = "<group>"; };
		6201A05E2C45137C0016B1F5 /* LeetCodeCtrl.swift */ = {isa = PBXFileReference; lastKnownFileType = sourcecode.swift; path = LeetCodeCtrl.swift; sourceTree = "<group>"; };
		6201A0602C45569A0016B1F5 /* ReadWriteCtrl.h */ = {isa = PBXFileReference; lastKnownFileType = sourcecode.c.h; path = ReadWriteCtrl.h; sourceTree = "<group>"; };
		6201A0612C45569A0016B1F5 /* ReadWriteCtrl.m */ = {isa = PBXFileReference; lastKnownFileType = sourcecode.c.objc; path = ReadWriteCtrl.m; sourceTree = "<group>"; };
		6201A0632C4633160016B1F5 /* MyURLSchemeHandler.h */ = {isa = PBXFileReference; lastKnownFileType = sourcecode.c.h; path = MyURLSchemeHandler.h; sourceTree = "<group>"; };
		6201A0642C4633160016B1F5 /* MyURLSchemeHandler.m */ = {isa = PBXFileReference; lastKnownFileType = sourcecode.c.objc; path = MyURLSchemeHandler.m; sourceTree = "<group>"; };
		623CE2DF2BF055B9008D51D9 /* LearnDemo.app */ = {isa = PBXFileReference; explicitFileType = wrapper.application; includeInIndex = 0; path = LearnDemo.app; sourceTree = BUILT_PRODUCTS_DIR; };
		623CE2E22BF055B9008D51D9 /* AppDelegate.swift */ = {isa = PBXFileReference; lastKnownFileType = sourcecode.swift; path = AppDelegate.swift; sourceTree = "<group>"; };
		623CE2E42BF055B9008D51D9 /* SceneDelegate.swift */ = {isa = PBXFileReference; lastKnownFileType = sourcecode.swift; path = SceneDelegate.swift; sourceTree = "<group>"; };
		623CE2E62BF055B9008D51D9 /* ViewController.swift */ = {isa = PBXFileReference; lastKnownFileType = sourcecode.swift; path = ViewController.swift; sourceTree = "<group>"; };
		623CE2E92BF055B9008D51D9 /* Base */ = {isa = PBXFileReference; lastKnownFileType = file.storyboard; name = Base; path = Base.lproj/Main.storyboard; sourceTree = "<group>"; };
		623CE2EB2BF055BB008D51D9 /* Assets.xcassets */ = {isa = PBXFileReference; lastKnownFileType = folder.assetcatalog; path = Assets.xcassets; sourceTree = "<group>"; };
		623CE2EE2BF055BB008D51D9 /* Base */ = {isa = PBXFileReference; lastKnownFileType = file.storyboard; name = Base; path = Base.lproj/LaunchScreen.storyboard; sourceTree = "<group>"; };
		623CE2F02BF055BB008D51D9 /* Info.plist */ = {isa = PBXFileReference; lastKnownFileType = text.plist.xml; path = Info.plist; sourceTree = "<group>"; };
		623CE2F72BF05646008D51D9 /* LearnDemo-Bridging-Header.h */ = {isa = PBXFileReference; lastKnownFileType = sourcecode.c.h; path = "LearnDemo-Bridging-Header.h"; sourceTree = "<group>"; };
		623CE2F82BF05646008D51D9 /* OCTest.h */ = {isa = PBXFileReference; lastKnownFileType = sourcecode.c.h; path = OCTest.h; sourceTree = "<group>"; };
		623CE2F92BF05646008D51D9 /* OCTest.m */ = {isa = PBXFileReference; lastKnownFileType = sourcecode.c.objc; path = OCTest.m; sourceTree = "<group>"; };
		623CE2FB2BF056E7008D51D9 /* readFile.rtf */ = {isa = PBXFileReference; lastKnownFileType = text.rtf; path = readFile.rtf; sourceTree = "<group>"; };
		623CE2FD2BF09B7E008D51D9 /* OneCtrl.swift */ = {isa = PBXFileReference; lastKnownFileType = sourcecode.swift; path = OneCtrl.swift; sourceTree = "<group>"; };
		6267C2FD2C24523500A20268 /* HMOS.md */ = {isa = PBXFileReference; lastKnownFileType = net.daringfireball.markdown; path = HMOS.md; sourceTree = "<group>"; };
		628A26E82BF2420E00BDD451 /* learenMore.md */ = {isa = PBXFileReference; lastKnownFileType = net.daringfireball.markdown; path = learenMore.md; sourceTree = "<group>"; };
		628A26EA2BF246EF00BDD451 /* TwoCtrl.swift */ = {isa = PBXFileReference; lastKnownFileType = sourcecode.swift; path = TwoCtrl.swift; sourceTree = "<group>"; };
		628A26ED2BF3BCC100BDD451 /* swiftArticle.md */ = {isa = PBXFileReference; lastKnownFileType = net.daringfireball.markdown; path = swiftArticle.md; sourceTree = "<group>"; };
		628A26EF2BF7A70100BDD451 /* optimizeFile.md */ = {isa = PBXFileReference; lastKnownFileType = net.daringfireball.markdown; path = optimizeFile.md; sourceTree = "<group>"; };
		628A26F12BFB8C8600BDD451 /* OCTestModel.h */ = {isa = PBXFileReference; lastKnownFileType = sourcecode.c.h; path = OCTestModel.h; sourceTree = "<group>"; };
		628A26F22BFB8C8600BDD451 /* OCTestModel.m */ = {isa = PBXFileReference; lastKnownFileType = sourcecode.c.objc; path = OCTestModel.m; sourceTree = "<group>"; };
		628A26F42BFB8E7C00BDD451 /* WaitFinish.md */ = {isa = PBXFileReference; lastKnownFileType = net.daringfireball.markdown; path = WaitFinish.md; sourceTree = "<group>"; };
		629265372BFCF22D002CFE8D /* rxSwiftFile.md */ = {isa = PBXFileReference; lastKnownFileType = net.daringfireball.markdown; path = rxSwiftFile.md; sourceTree = "<group>"; };
		62A05BB32C421A390000EB6A /* FaceOneFile.rtf */ = {isa = PBXFileReference; lastKnownFileType = text.rtf; path = FaceOneFile.rtf; sourceTree = "<group>"; };
		62B8DE262BFF7C140045530C /* CWThread.h */ = {isa = PBXFileReference; lastKnownFileType = sourcecode.c.h; path = CWThread.h; sourceTree = "<group>"; };
		62B8DE272BFF7C140045530C /* CWThread.m */ = {isa = PBXFileReference; lastKnownFileType = sourcecode.c.objc; path = CWThread.m; sourceTree = "<group>"; };
		62B8DE292BFFA1ED0045530C /* CWPerson.h */ = {isa = PBXFileReference; lastKnownFileType = sourcecode.c.h; path = CWPerson.h; sourceTree = "<group>"; };
		62B8DE2A2BFFA1ED0045530C /* CWPerson.m */ = {isa = PBXFileReference; lastKnownFileType = sourcecode.c.objc; path = CWPerson.m; sourceTree = "<group>"; };
		62B8DE2C2BFFA1FC0045530C /* CWStudent.h */ = {isa = PBXFileReference; lastKnownFileType = sourcecode.c.h; path = CWStudent.h; sourceTree = "<group>"; };
		62B8DE2D2BFFA1FC0045530C /* CWStudent.m */ = {isa = PBXFileReference; lastKnownFileType = sourcecode.c.objc; path = CWStudent.m; sourceTree = "<group>"; };
		62B8DE332C0B7F1C0045530C /* OneViewCtrl.h */ = {isa = PBXFileReference; lastKnownFileType = sourcecode.c.h; path = OneViewCtrl.h; sourceTree = "<group>"; };
		62B8DE342C0B7F1C0045530C /* OneViewCtrl.m */ = {isa = PBXFileReference; lastKnownFileType = sourcecode.c.objc; path = OneViewCtrl.m; sourceTree = "<group>"; };
		62B8DE362C0B7FDD0045530C /* BView.h */ = {isa = PBXFileReference; lastKnownFileType = sourcecode.c.h; path = BView.h; sourceTree = "<group>"; };
		62B8DE372C0B7FDD0045530C /* BView.m */ = {isa = PBXFileReference; lastKnownFileType = sourcecode.c.objc; path = BView.m; sourceTree = "<group>"; };
		62B8DE392C0E187C0045530C /* netRsaFile.md */ = {isa = PBXFileReference; lastKnownFileType = net.daringfireball.markdown; path = netRsaFile.md; sourceTree = "<group>"; };
		62B8DE3E2C1096CD0045530C /* 15936146-c8b1a1a03043ef94.png */ = {isa = PBXFileReference; lastKnownFileType = image.png; name = "15936146-c8b1a1a03043ef94.png"; path = "../../../../../../../Downloads/15936146-c8b1a1a03043ef94.png"; sourceTree = "<group>"; };
		62DF4E932C4E2E390052AAE1 /* UIImage+QRCode.h */ = {isa = PBXFileReference; lastKnownFileType = sourcecode.c.h; path = "UIImage+QRCode.h"; sourceTree = "<group>"; };
		62DF4E942C4E2E390052AAE1 /* UIImage+QRCode.m */ = {isa = PBXFileReference; lastKnownFileType = sourcecode.c.objc; path = "UIImage+QRCode.m"; sourceTree = "<group>"; };
		62DF4E972C4E2EB80052AAE1 /* MWSelectScanImageItem.h */ = {isa = PBXFileReference; lastKnownFileType = sourcecode.c.h; path = MWSelectScanImageItem.h; sourceTree = "<group>"; };
		62DF4E982C4E2EB80052AAE1 /* MWSelectScanImageItem.m */ = {isa = PBXFileReference; lastKnownFileType = sourcecode.c.objc; path = MWSelectScanImageItem.m; sourceTree = "<group>"; };
		62DF4E9B2C4E34D90052AAE1 /* MWMultipleQRHandleVC.h */ = {isa = PBXFileReference; lastKnownFileType = sourcecode.c.h; path = MWMultipleQRHandleVC.h; sourceTree = "<group>"; };
		62DF4E9C2C4E34D90052AAE1 /* MWMultipleQRHandleVC.m */ = {isa = PBXFileReference; lastKnownFileType = sourcecode.c.objc; path = MWMultipleQRHandleVC.m; sourceTree = "<group>"; };
/* End PBXFileReference section */

/* Begin PBXFrameworksBuildPhase section */
		623CE2DC2BF055B9008D51D9 /* Frameworks */ = {
			isa = PBXFrameworksBuildPhase;
			buildActionMask = 2147483647;
			files = (
			);
			runOnlyForDeploymentPostprocessing = 0;
		};
/* End PBXFrameworksBuildPhase section */

/* Begin PBXGroup section */
		623CE2D62BF055B9008D51D9 = {
			isa = PBXGroup;
			children = (
				623CE2E12BF055B9008D51D9 /* LearnDemo */,
				623CE2E02BF055B9008D51D9 /* Products */,
			);
			sourceTree = "<group>";
		};
		623CE2E02BF055B9008D51D9 /* Products */ = {
			isa = PBXGroup;
			children = (
				623CE2DF2BF055B9008D51D9 /* LearnDemo.app */,
			);
			name = Products;
			sourceTree = "<group>";
		};
		623CE2E12BF055B9008D51D9 /* LearnDemo */ = {
			isa = PBXGroup;
			children = (
				6267C2FC2C24521800A20268 /* HMOS */,
				62B8DE3B2C1092FC0045530C /* img */,
				623CE2F62BF05613008D51D9 /* OC */,
				623CE2E22BF055B9008D51D9 /* AppDelegate.swift */,
				623CE2E42BF055B9008D51D9 /* SceneDelegate.swift */,
				623CE2E62BF055B9008D51D9 /* ViewController.swift */,
				623CE2FD2BF09B7E008D51D9 /* OneCtrl.swift */,
				628A26EA2BF246EF00BDD451 /* TwoCtrl.swift */,
				6201A05E2C45137C0016B1F5 /* LeetCodeCtrl.swift */,
				6201A05A2C42BA4E0016B1F5 /* SeeRunLoopTime.swift */,
				6201A0582C427BA70016B1F5 /* MutReadOneWrite.swift */,
				628A26F12BFB8C8600BDD451 /* OCTestModel.h */,
				628A26F22BFB8C8600BDD451 /* OCTestModel.m */,
				62B8DE262BFF7C140045530C /* CWThread.h */,
				62B8DE272BFF7C140045530C /* CWThread.m */,
				62B8DE292BFFA1ED0045530C /* CWPerson.h */,
				62B8DE2A2BFFA1ED0045530C /* CWPerson.m */,
				62B8DE2C2BFFA1FC0045530C /* CWStudent.h */,
				62B8DE2D2BFFA1FC0045530C /* CWStudent.m */,
				6201A0602C45569A0016B1F5 /* ReadWriteCtrl.h */,
				6201A0612C45569A0016B1F5 /* ReadWriteCtrl.m */,
				623CE2FB2BF056E7008D51D9 /* readFile.rtf */,
				62A05BB32C421A390000EB6A /* FaceOneFile.rtf */,
				628A26E82BF2420E00BDD451 /* learenMore.md */,
				628A26ED2BF3BCC100BDD451 /* swiftArticle.md */,
				628A26EF2BF7A70100BDD451 /* optimizeFile.md */,
				629265372BFCF22D002CFE8D /* rxSwiftFile.md */,
				628A26F42BFB8E7C00BDD451 /* WaitFinish.md */,
				62B8DE392C0E187C0045530C /* netRsaFile.md */,
				623CE2E82BF055B9008D51D9 /* Main.storyboard */,
				623CE2EB2BF055BB008D51D9 /* Assets.xcassets */,
				623CE2ED2BF055BB008D51D9 /* LaunchScreen.storyboard */,
				623CE2F02BF055BB008D51D9 /* Info.plist */,
			);
			path = LearnDemo;
			sourceTree = "<group>";
		};
		623CE2F62BF05613008D51D9 /* OC */ = {
			isa = PBXGroup;
			children = (
				62DF4E912C4E2DE90052AAE1 /* 多二维码处理 */,
				623CE2F82BF05646008D51D9 /* OCTest.h */,
				623CE2F92BF05646008D51D9 /* OCTest.m */,
				623CE2F72BF05646008D51D9 /* LearnDemo-Bridging-Header.h */,
				62B8DE332C0B7F1C0045530C /* OneViewCtrl.h */,
				62B8DE342C0B7F1C0045530C /* OneViewCtrl.m */,
				62B8DE362C0B7FDD0045530C /* BView.h */,
				62B8DE372C0B7FDD0045530C /* BView.m */,
				6201A0632C4633160016B1F5 /* MyURLSchemeHandler.h */,
				6201A0642C4633160016B1F5 /* MyURLSchemeHandler.m */,
			);
			path = OC;
			sourceTree = "<group>";
		};
		6267C2FC2C24521800A20268 /* HMOS */ = {
			isa = PBXGroup;
			children = (
				6267C2FD2C24523500A20268 /* HMOS.md */,
			);
			path = HMOS;
			sourceTree = "<group>";
		};
		62B8DE3B2C1092FC0045530C /* img */ = {
			isa = PBXGroup;
			children = (
				6201A05C2C44C1A90016B1F5 /* 15936146-cecbef23cfea09a8.png */,
				62B8DE3E2C1096CD0045530C /* 15936146-c8b1a1a03043ef94.png */,
			);
			path = img;
			sourceTree = "<group>";
		};
		62DF4E912C4E2DE90052AAE1 /* 多二维码处理 */ = {
			isa = PBXGroup;
			children = (
				62DF4E9A2C4E34B20052AAE1 /* controller */,
				62DF4E962C4E2E890052AAE1 /* model */,
				62DF4E922C4E2E020052AAE1 /* category */,
			);
			path = "多二维码处理";
			sourceTree = "<group>";
		};
		62DF4E922C4E2E020052AAE1 /* category */ = {
			isa = PBXGroup;
			children = (
				62DF4E932C4E2E390052AAE1 /* UIImage+QRCode.h */,
				62DF4E942C4E2E390052AAE1 /* UIImage+QRCode.m */,
			);
			path = category;
			sourceTree = "<group>";
		};
		62DF4E962C4E2E890052AAE1 /* model */ = {
			isa = PBXGroup;
			children = (
				62DF4E972C4E2EB80052AAE1 /* MWSelectScanImageItem.h */,
				62DF4E982C4E2EB80052AAE1 /* MWSelectScanImageItem.m */,
			);
			path = model;
			sourceTree = "<group>";
		};
		62DF4E9A2C4E34B20052AAE1 /* controller */ = {
			isa = PBXGroup;
			children = (
				62DF4E9B2C4E34D90052AAE1 /* MWMultipleQRHandleVC.h */,
				62DF4E9C2C4E34D90052AAE1 /* MWMultipleQRHandleVC.m */,
			);
			path = controller;
			sourceTree = "<group>";
		};
/* End PBXGroup section */

/* Begin PBXNativeTarget section */
		623CE2DE2BF055B9008D51D9 /* LearnDemo */ = {
			isa = PBXNativeTarget;
			buildConfigurationList = 623CE2F32BF055BB008D51D9 /* Build configuration list for PBXNativeTarget "LearnDemo" */;
			buildPhases = (
				623CE2DB2BF055B9008D51D9 /* Sources */,
				623CE2DC2BF055B9008D51D9 /* Frameworks */,
				623CE2DD2BF055B9008D51D9 /* Resources */,
			);
			buildRules = (
			);
			dependencies = (
			);
			name = LearnDemo;
			productName = LearnDemo;
			productReference = 623CE2DF2BF055B9008D51D9 /* LearnDemo.app */;
			productType = "com.apple.product-type.application";
		};
/* End PBXNativeTarget section */

/* Begin PBXProject section */
		623CE2D72BF055B9008D51D9 /* Project object */ = {
			isa = PBXProject;
			attributes = {
				BuildIndependentTargetsInParallel = 1;
				LastSwiftUpdateCheck = 1320;
				LastUpgradeCheck = 1320;
				TargetAttributes = {
					623CE2DE2BF055B9008D51D9 = {
						CreatedOnToolsVersion = 13.2.1;
						LastSwiftMigration = 1320;
					};
				};
			};
			buildConfigurationList = 623CE2DA2BF055B9008D51D9 /* Build configuration list for PBXProject "LearnDemo" */;
			compatibilityVersion = "Xcode 13.0";
			developmentRegion = en;
			hasScannedForEncodings = 0;
			knownRegions = (
				en,
				Base,
			);
			mainGroup = 623CE2D62BF055B9008D51D9;
			productRefGroup = 623CE2E02BF055B9008D51D9 /* Products */;
			projectDirPath = "";
			projectRoot = "";
			targets = (
				623CE2DE2BF055B9008D51D9 /* LearnDemo */,
			);
		};
/* End PBXProject section */

/* Begin PBXResourcesBuildPhase section */
		623CE2DD2BF055B9008D51D9 /* Resources */ = {
			isa = PBXResourcesBuildPhase;
			buildActionMask = 2147483647;
			files = (
				623CE2EF2BF055BB008D51D9 /* LaunchScreen.storyboard in Resources */,
				628A26EE2BF3BCC200BDD451 /* swiftArticle.md in Resources */,
				62A05BB42C421A390000EB6A /* FaceOneFile.rtf in Resources */,
				6201A05D2C44C1A90016B1F5 /* 15936146-cecbef23cfea09a8.png in Resources */,
				628A26F52BFB8E7C00BDD451 /* WaitFinish.md in Resources */,
				623CE2EC2BF055BB008D51D9 /* Assets.xcassets in Resources */,
				62B8DE3F2C1096CD0045530C /* 15936146-c8b1a1a03043ef94.png in Resources */,
				623CE2FC2BF056E8008D51D9 /* readFile.rtf in Resources */,
				62B8DE3A2C0E187D0045530C /* netRsaFile.md in Resources */,
				628A26E92BF2420E00BDD451 /* learenMore.md in Resources */,
				623CE2EA2BF055B9008D51D9 /* Main.storyboard in Resources */,
				629265382BFCF22D002CFE8D /* rxSwiftFile.md in Resources */,
				628A26F02BF7A70200BDD451 /* optimizeFile.md in Resources */,
			);
			runOnlyForDeploymentPostprocessing = 0;
		};
/* End PBXResourcesBuildPhase section */

/* Begin PBXSourcesBuildPhase section */
		623CE2DB2BF055B9008D51D9 /* Sources */ = {
			isa = PBXSourcesBuildPhase;
			buildActionMask = 2147483647;
			files = (
				6201A0592C427BA70016B1F5 /* MutReadOneWrite.swift in Sources */,
				62B8DE352C0B7F1C0045530C /* OneViewCtrl.m in Sources */,
				623CE2E72BF055B9008D51D9 /* ViewController.swift in Sources */,
				62B8DE2E2BFFA1FC0045530C /* CWStudent.m in Sources */,
				6201A05F2C45137C0016B1F5 /* LeetCodeCtrl.swift in Sources */,
				62DF4E9D2C4E34D90052AAE1 /* MWMultipleQRHandleVC.m in Sources */,
				62B8DE382C0B7FDD0045530C /* BView.m in Sources */,
				6201A0622C45569B0016B1F5 /* ReadWriteCtrl.m in Sources */,
				623CE2FE2BF09B7E008D51D9 /* OneCtrl.swift in Sources */,
				62B8DE2B2BFFA1ED0045530C /* CWPerson.m in Sources */,
				62DF4E952C4E2E390052AAE1 /* UIImage+QRCode.m in Sources */,
				623CE2FA2BF05646008D51D9 /* OCTest.m in Sources */,
				623CE2E32BF055B9008D51D9 /* AppDelegate.swift in Sources */,
				628A26F32BFB8C8600BDD451 /* OCTestModel.m in Sources */,
				62DF4E992C4E2EB80052AAE1 /* MWSelectScanImageItem.m in Sources */,
				6201A0652C4633160016B1F5 /* MyURLSchemeHandler.m in Sources */,
				6201A05B2C42BA4E0016B1F5 /* SeeRunLoopTime.swift in Sources */,
				623CE2E52BF055B9008D51D9 /* SceneDelegate.swift in Sources */,
				628A26EB2BF246F000BDD451 /* TwoCtrl.swift in Sources */,
				62B8DE282BFF7C140045530C /* CWThread.m in Sources */,
			);
			runOnlyForDeploymentPostprocessing = 0;
		};
/* End PBXSourcesBuildPhase section */

/* Begin PBXVariantGroup section */
		623CE2E82BF055B9008D51D9 /* Main.storyboard */ = {
			isa = PBXVariantGroup;
			children = (
				623CE2E92BF055B9008D51D9 /* Base */,
			);
			name = Main.storyboard;
			sourceTree = "<group>";
		};
		623CE2ED2BF055BB008D51D9 /* LaunchScreen.storyboard */ = {
			isa = PBXVariantGroup;
			children = (
				623CE2EE2BF055BB008D51D9 /* Base */,
			);
			name = LaunchScreen.storyboard;
			sourceTree = "<group>";
		};
/* End PBXVariantGroup section */

/* Begin XCBuildConfiguration section */
		623CE2F12BF055BB008D51D9 /* Debug */ = {
			isa = XCBuildConfiguration;
			buildSettings = {
				ALWAYS_SEARCH_USER_PATHS = NO;
				CLANG_ANALYZER_NONNULL = YES;
				CLANG_ANALYZER_NUMBER_OBJECT_CONVERSION = YES_AGGRESSIVE;
				CLANG_CXX_LANGUAGE_STANDARD = "gnu++17";
				CLANG_CXX_LIBRARY = "libc++";
				CLANG_ENABLE_MODULES = YES;
				CLANG_ENABLE_OBJC_ARC = YES;
				CLANG_ENABLE_OBJC_WEAK = YES;
				CLANG_WARN_BLOCK_CAPTURE_AUTORELEASING = YES;
				CLANG_WARN_BOOL_CONVERSION = YES;
				CLANG_WARN_COMMA = YES;
				CLANG_WARN_CONSTANT_CONVERSION = YES;
				CLANG_WARN_DEPRECATED_OBJC_IMPLEMENTATIONS = YES;
				CLANG_WARN_DIRECT_OBJC_ISA_USAGE = YES_ERROR;
				CLANG_WARN_DOCUMENTATION_COMMENTS = YES;
				CLANG_WARN_EMPTY_BODY = YES;
				CLANG_WARN_ENUM_CONVERSION = YES;
				CLANG_WARN_INFINITE_RECURSION = YES;
				CLANG_WARN_INT_CONVERSION = YES;
				CLANG_WARN_NON_LITERAL_NULL_CONVERSION = YES;
				CLANG_WARN_OBJC_IMPLICIT_RETAIN_SELF = YES;
				CLANG_WARN_OBJC_LITERAL_CONVERSION = YES;
				CLANG_WARN_OBJC_ROOT_CLASS = YES_ERROR;
				CLANG_WARN_QUOTED_INCLUDE_IN_FRAMEWORK_HEADER = YES;
				CLANG_WARN_RANGE_LOOP_ANALYSIS = YES;
				CLANG_WARN_STRICT_PROTOTYPES = YES;
				CLANG_WARN_SUSPICIOUS_MOVE = YES;
				CLANG_WARN_UNGUARDED_AVAILABILITY = YES_AGGRESSIVE;
				CLANG_WARN_UNREACHABLE_CODE = YES;
				CLANG_WARN__DUPLICATE_METHOD_MATCH = YES;
				COPY_PHASE_STRIP = NO;
				DEBUG_INFORMATION_FORMAT = dwarf;
				ENABLE_STRICT_OBJC_MSGSEND = YES;
				ENABLE_TESTABILITY = YES;
				GCC_C_LANGUAGE_STANDARD = gnu11;
				GCC_DYNAMIC_NO_PIC = NO;
				GCC_NO_COMMON_BLOCKS = YES;
				GCC_OPTIMIZATION_LEVEL = 0;
				GCC_PREPROCESSOR_DEFINITIONS = (
					"DEBUG=1",
					"$(inherited)",
				);
				GCC_WARN_64_TO_32_BIT_CONVERSION = YES;
				GCC_WARN_ABOUT_RETURN_TYPE = YES_ERROR;
				GCC_WARN_UNDECLARED_SELECTOR = YES;
				GCC_WARN_UNINITIALIZED_AUTOS = YES_AGGRESSIVE;
				GCC_WARN_UNUSED_FUNCTION = YES;
				GCC_WARN_UNUSED_VARIABLE = YES;
				IPHONEOS_DEPLOYMENT_TARGET = 15.2;
				MTL_ENABLE_DEBUG_INFO = INCLUDE_SOURCE;
				MTL_FAST_MATH = YES;
				ONLY_ACTIVE_ARCH = YES;
				SDKROOT = iphoneos;
				SWIFT_ACTIVE_COMPILATION_CONDITIONS = DEBUG;
				SWIFT_OPTIMIZATION_LEVEL = "-Onone";
			};
			name = Debug;
		};
		623CE2F22BF055BB008D51D9 /* Release */ = {
			isa = XCBuildConfiguration;
			buildSettings = {
				ALWAYS_SEARCH_USER_PATHS = NO;
				CLANG_ANALYZER_NONNULL = YES;
				CLANG_ANALYZER_NUMBER_OBJECT_CONVERSION = YES_AGGRESSIVE;
				CLANG_CXX_LANGUAGE_STANDARD = "gnu++17";
				CLANG_CXX_LIBRARY = "libc++";
				CLANG_ENABLE_MODULES = YES;
				CLANG_ENABLE_OBJC_ARC = YES;
				CLANG_ENABLE_OBJC_WEAK = YES;
				CLANG_WARN_BLOCK_CAPTURE_AUTORELEASING = YES;
				CLANG_WARN_BOOL_CONVERSION = YES;
				CLANG_WARN_COMMA = YES;
				CLANG_WARN_CONSTANT_CONVERSION = YES;
				CLANG_WARN_DEPRECATED_OBJC_IMPLEMENTATIONS = YES;
				CLANG_WARN_DIRECT_OBJC_ISA_USAGE = YES_ERROR;
				CLANG_WARN_DOCUMENTATION_COMMENTS = YES;
				CLANG_WARN_EMPTY_BODY = YES;
				CLANG_WARN_ENUM_CONVERSION = YES;
				CLANG_WARN_INFINITE_RECURSION = YES;
				CLANG_WARN_INT_CONVERSION = YES;
				CLANG_WARN_NON_LITERAL_NULL_CONVERSION = YES;
				CLANG_WARN_OBJC_IMPLICIT_RETAIN_SELF = YES;
				CLANG_WARN_OBJC_LITERAL_CONVERSION = YES;
				CLANG_WARN_OBJC_ROOT_CLASS = YES_ERROR;
				CLANG_WARN_QUOTED_INCLUDE_IN_FRAMEWORK_HEADER = YES;
				CLANG_WARN_RANGE_LOOP_ANALYSIS = YES;
				CLANG_WARN_STRICT_PROTOTYPES = YES;
				CLANG_WARN_SUSPICIOUS_MOVE = YES;
				CLANG_WARN_UNGUARDED_AVAILABILITY = YES_AGGRESSIVE;
				CLANG_WARN_UNREACHABLE_CODE = YES;
				CLANG_WARN__DUPLICATE_METHOD_MATCH = YES;
				COPY_PHASE_STRIP = NO;
				DEBUG_INFORMATION_FORMAT = "dwarf-with-dsym";
				ENABLE_NS_ASSERTIONS = NO;
				ENABLE_STRICT_OBJC_MSGSEND = YES;
				GCC_C_LANGUAGE_STANDARD = gnu11;
				GCC_NO_COMMON_BLOCKS = YES;
				GCC_WARN_64_TO_32_BIT_CONVERSION = YES;
				GCC_WARN_ABOUT_RETURN_TYPE = YES_ERROR;
				GCC_WARN_UNDECLARED_SELECTOR = YES;
				GCC_WARN_UNINITIALIZED_AUTOS = YES_AGGRESSIVE;
				GCC_WARN_UNUSED_FUNCTION = YES;
				GCC_WARN_UNUSED_VARIABLE = YES;
				IPHONEOS_DEPLOYMENT_TARGET = 15.2;
				MTL_ENABLE_DEBUG_INFO = NO;
				MTL_FAST_MATH = YES;
				SDKROOT = iphoneos;
				SWIFT_COMPILATION_MODE = wholemodule;
				SWIFT_OPTIMIZATION_LEVEL = "-O";
				VALIDATE_PRODUCT = YES;
			};
			name = Release;
		};
		623CE2F42BF055BB008D51D9 /* Debug */ = {
			isa = XCBuildConfiguration;
			buildSettings = {
				ASSETCATALOG_COMPILER_APPICON_NAME = AppIcon;
				ASSETCATALOG_COMPILER_GLOBAL_ACCENT_COLOR_NAME = AccentColor;
				CLANG_ENABLE_MODULES = YES;
				CODE_SIGN_STYLE = Automatic;
				CURRENT_PROJECT_VERSION = 1;
				DEVELOPMENT_TEAM = LU6255RGX8;
				GENERATE_INFOPLIST_FILE = YES;
				INFOPLIST_FILE = LearnDemo/Info.plist;
				INFOPLIST_KEY_UIApplicationSupportsIndirectInputEvents = YES;
				INFOPLIST_KEY_UILaunchStoryboardName = LaunchScreen;
				INFOPLIST_KEY_UIMainStoryboardFile = Main;
				INFOPLIST_KEY_UISupportedInterfaceOrientations_iPad = "UIInterfaceOrientationPortrait UIInterfaceOrientationPortraitUpsideDown UIInterfaceOrientationLandscapeLeft UIInterfaceOrientationLandscapeRight";
				INFOPLIST_KEY_UISupportedInterfaceOrientations_iPhone = "UIInterfaceOrientationPortrait UIInterfaceOrientationLandscapeLeft UIInterfaceOrientationLandscapeRight";
				LD_RUNPATH_SEARCH_PATHS = (
					"$(inherited)",
					"@executable_path/Frameworks",
				);
				MARKETING_VERSION = 1.0;
				PRODUCT_BUNDLE_IDENTIFIER = cc.LearnDemo;
				PRODUCT_NAME = "$(TARGET_NAME)";
				SWIFT_EMIT_LOC_STRINGS = YES;
				SWIFT_OBJC_BRIDGING_HEADER = "LearnDemo/OC/LearnDemo-Bridging-Header.h";
				SWIFT_OPTIMIZATION_LEVEL = "-Onone";
				SWIFT_VERSION = 5.0;
				TARGETED_DEVICE_FAMILY = 1;
			};
			name = Debug;
		};
		623CE2F52BF055BB008D51D9 /* Release */ = {
			isa = XCBuildConfiguration;
			buildSettings = {
				ASSETCATALOG_COMPILER_APPICON_NAME = AppIcon;
				ASSETCATALOG_COMPILER_GLOBAL_ACCENT_COLOR_NAME = AccentColor;
				CLANG_ENABLE_MODULES = YES;
				CODE_SIGN_STYLE = Automatic;
				CURRENT_PROJECT_VERSION = 1;
				DEVELOPMENT_TEAM = LU6255RGX8;
				GENERATE_INFOPLIST_FILE = YES;
				INFOPLIST_FILE = LearnDemo/Info.plist;
				INFOPLIST_KEY_UIApplicationSupportsIndirectInputEvents = YES;
				INFOPLIST_KEY_UILaunchStoryboardName = LaunchScreen;
				INFOPLIST_KEY_UIMainStoryboardFile = Main;
				INFOPLIST_KEY_UISupportedInterfaceOrientations_iPad = "UIInterfaceOrientationPortrait UIInterfaceOrientationPortraitUpsideDown UIInterfaceOrientationLandscapeLeft UIInterfaceOrientationLandscapeRight";
				INFOPLIST_KEY_UISupportedInterfaceOrientations_iPhone = "UIInterfaceOrientationPortrait UIInterfaceOrientationLandscapeLeft UIInterfaceOrientationLandscapeRight";
				LD_RUNPATH_SEARCH_PATHS = (
					"$(inherited)",
					"@executable_path/Frameworks",
				);
				MARKETING_VERSION = 1.0;
				PRODUCT_BUNDLE_IDENTIFIER = cc.LearnDemo;
				PRODUCT_NAME = "$(TARGET_NAME)";
				SWIFT_EMIT_LOC_STRINGS = YES;
				SWIFT_OBJC_BRIDGING_HEADER = "LearnDemo/OC/LearnDemo-Bridging-Header.h";
				SWIFT_VERSION = 5.0;
				TARGETED_DEVICE_FAMILY = 1;
			};
			name = Release;
		};
/* End XCBuildConfiguration section */

/* Begin XCConfigurationList section */
		623CE2DA2BF055B9008D51D9 /* Build configuration list for PBXProject "LearnDemo" */ = {
			isa = XCConfigurationList;
			buildConfigurations = (
				623CE2F12BF055BB008D51D9 /* Debug */,
				623CE2F22BF055BB008D51D9 /* Release */,
			);
			defaultConfigurationIsVisible = 0;
			defaultConfigurationName = Release;
		};
		623CE2F32BF055BB008D51D9 /* Build configuration list for PBXNativeTarget "LearnDemo" */ = {
			isa = XCConfigurationList;
			buildConfigurations = (
				623CE2F42BF055BB008D51D9 /* Debug */,
				623CE2F52BF055BB008D51D9 /* Release */,
			);
			defaultConfigurationIsVisible = 0;
			defaultConfigurationName = Release;
		};
/* End XCConfigurationList section */
	};
	rootObject = 623CE2D72BF055B9008D51D9 /* Project object */;
}
